
Microsoft Visual Studio Solution File, Format Version 12.00
Project("{FAE04EC0-301F-11D3-BF4B-00C04F79EFBC}") = "TypescriptMapper", "TypescriptMapper\TypescriptMapper.csproj", "{3F878A44-14EE-49D2-B82C-57001817949A}"
EndProject
Project("{FAE04EC0-301F-11D3-BF4B-00C04F79EFBC}") = "TypescriptMapper.Test", "TypescriptMapper.Test\TypescriptMapper.Test.csproj", "{4CBB56A0-F018-4BF6-8963-4B5A67FBB580}"
EndProject
Global
	GlobalSection(SolutionConfigurationPlatforms) = preSolution
		Debug|Any CPU = Debug|Any CPU
		Release|Any CPU = Release|Any CPU
	EndGlobalSection
	GlobalSection(ProjectConfigurationPlatforms) = postSolution
		{3F878A44-14EE-49D2-B82C-57001817949A}.Debug|Any CPU.ActiveCfg = Debug|Any CPU
		{3F878A44-14EE-49D2-B82C-57001817949A}.Debug|Any CPU.Build.0 = Debug|Any CPU
		{3F878A44-14EE-49D2-B82C-57001817949A}.Release|Any CPU.ActiveCfg = Release|Any CPU
		{3F878A44-14EE-49D2-B82C-57001817949A}.Release|Any CPU.Build.0 = Release|Any CPU
		{4CBB56A0-F018-4BF6-8963-4B5A67FBB580}.Debug|Any CPU.ActiveCfg = Debug|Any CPU
		{4CBB56A0-F018-4BF6-8963-4B5A67FBB580}.Debug|Any CPU.Build.0 = Debug|Any CPU
		{4CBB56A0-F018-4BF6-8963-4B5A67FBB580}.Release|Any CPU.ActiveCfg = Release|Any CPU
		{4CBB56A0-F018-4BF6-8963-4B5A67FBB580}.Release|Any CPU.Build.0 = Release|Any CPU
	EndGlobalSection
EndGlobal
